
Microsoft Visual Studio Solution File, Format Version 12.00
# Visual Studio 15
VisualStudioVersion = 15.0.28307.102
MinimumVisualStudioVersion = 10.0.40219.1
Project("{FAE04EC0-301F-11D3-BF4B-00C04F79EFBC}") = "RCSLab8AVD2", "RCSLab8AVD2\RCSLab8AVD2.csproj", "{4D491EFA-D407-4BF9-91A8-F91F59F86DA6}"
EndProject
Project("{FAE04EC0-301F-11D3-BF4B-00C04F79EFBC}") = "RCSLab8AVD2-2", "RCSLab8AVD2-2\RCSLab8AVD2-2.csproj", "{C4F6B624-376E-43EC-BA22-13B772A24CDB}"
EndProject
Global
	GlobalSection(SolutionConfigurationPlatforms) = preSolution
		Debug|Any CPU = Debug|Any CPU
		Release|Any CPU = Release|Any CPU
	EndGlobalSection
	GlobalSection(ProjectConfigurationPlatforms) = postSolution
		{4D491EFA-D407-4BF9-91A8-F91F59F86DA6}.Debug|Any CPU.ActiveCfg = Debug|Any CPU
		{4D491EFA-D407-4BF9-91A8-F91F59F86DA6}.Debug|Any CPU.Build.0 = Debug|Any CPU
		{4D491EFA-D407-4BF9-91A8-F91F59F86DA6}.Release|Any CPU.ActiveCfg = Release|Any CPU
		{4D491EFA-D407-4BF9-91A8-F91F59F86DA6}.Release|Any CPU.Build.0 = Release|Any CPU
		{C4F6B624-376E-43EC-BA22-13B772A24CDB}.Debug|Any CPU.ActiveCfg = Debug|Any CPU
		{C4F6B624-376E-43EC-BA22-13B772A24CDB}.Debug|Any CPU.Build.0 = Debug|Any CPU
		{C4F6B624-376E-43EC-BA22-13B772A24CDB}.Release|Any CPU.ActiveCfg = Release|Any CPU
		{C4F6B624-376E-43EC-BA22-13B772A24CDB}.Release|Any CPU.Build.0 = Release|Any CPU
	EndGlobalSection
	GlobalSection(SolutionProperties) = preSolution
		HideSolutionNode = FALSE
	EndGlobalSection
	GlobalSection(ExtensibilityGlobals) = postSolution
		SolutionGuid = {64ACE80C-2F26-4B1A-BD91-057922D154AC}
	EndGlobalSection
EndGlobal
